// !$*UTF8*$!
{
	archiveVersion = 1;
	classes = {
	};
	objectVersion = 56;
	objects = {

/* Begin PBXBuildFile section */
		28A2065529BDE0E600F68358 /* AppDelegate.swift in Sources */ = {isa = PBXBuildFile; fileRef = 28A2065429BDE0E600F68358 /* AppDelegate.swift */; };
		28A2065729BDE0E600F68358 /* SceneDelegate.swift in Sources */ = {isa = PBXBuildFile; fileRef = 28A2065629BDE0E600F68358 /* SceneDelegate.swift */; };
		28A2065E29BDE0E700F68358 /* Assets.xcassets in Resources */ = {isa = PBXBuildFile; fileRef = 28A2065D29BDE0E700F68358 /* Assets.xcassets */; };
		28A2066129BDE0E700F68358 /* LaunchScreen.storyboard in Resources */ = {isa = PBXBuildFile; fileRef = 28A2065F29BDE0E700F68358 /* LaunchScreen.storyboard */; };
		28A2066B29BDE16000F68358 /* StartViewController.swift in Sources */ = {isa = PBXBuildFile; fileRef = 28A2066A29BDE16000F68358 /* StartViewController.swift */; };
		28A2066D29BDE16D00F68358 /* SecondViewController.swift in Sources */ = {isa = PBXBuildFile; fileRef = 28A2066C29BDE16D00F68358 /* SecondViewController.swift */; };
		28A2067029BE15BC00F68358 /* TableViewCell.swift in Sources */ = {isa = PBXBuildFile; fileRef = 28A2066E29BE15BC00F68358 /* TableViewCell.swift */; };
		28A2067129BE15BC00F68358 /* TableViewCell.xib in Resources */ = {isa = PBXBuildFile; fileRef = 28A2066F29BE15BC00F68358 /* TableViewCell.xib */; };
		28A2069529BF367F00F68358 /* User.swift in Sources */ = {isa = PBXBuildFile; fileRef = 28A2069429BF367F00F68358 /* User.swift */; };
		28A2069729C0328B00F68358 /* ThirthViewController.swift in Sources */ = {isa = PBXBuildFile; fileRef = 28A2069629C0328B00F68358 /* ThirthViewController.swift */; };
		84C33DE7F12DB84EA7A0E517 /* Pods_DZ_8_3MES.framework in Frameworks */ = {isa = PBXBuildFile; fileRef = A87B97B6429BAA5EF70AE733 /* Pods_DZ_8_3MES.framework */; };
/* End PBXBuildFile section */

/* Begin PBXFileReference section */
		28A2065129BDE0E600F68358 /* DZ#8_3MES.app */ = {isa = PBXFileReference; explicitFileType = wrapper.application; includeInIndex = 0; path = "DZ#8_3MES.app"; sourceTree = BUILT_PRODUCTS_DIR; };
		28A2065429BDE0E600F68358 /* AppDelegate.swift */ = {isa = PBXFileReference; lastKnownFileType = sourcecode.swift; path = AppDelegate.swift; sourceTree = "<group>"; };
		28A2065629BDE0E600F68358 /* SceneDelegate.swift */ = {isa = PBXFileReference; lastKnownFileType = sourcecode.swift; path = SceneDelegate.swift; sourceTree = "<group>"; };
		28A2065D29BDE0E700F68358 /* Assets.xcassets */ = {isa = PBXFileReference; lastKnownFileType = folder.assetcatalog; path = Assets.xcassets; sourceTree = "<group>"; };
		28A2066029BDE0E700F68358 /* Base */ = {isa = PBXFileReference; lastKnownFileType = file.storyboard; name = Base; path = Base.lproj/LaunchScreen.storyboard; sourceTree = "<group>"; };
		28A2066229BDE0E700F68358 /* Info.plist */ = {isa = PBXFileReference; lastKnownFileType = text.plist.xml; path = Info.plist; sourceTree = "<group>"; };
		28A2066A29BDE16000F68358 /* StartViewController.swift */ = {isa = PBXFileReference; lastKnownFileType = sourcecode.swift; path = StartViewController.swift; sourceTree = "<group>"; };
		28A2066C29BDE16D00F68358 /* SecondViewController.swift */ = {isa = PBXFileReference; lastKnownFileType = sourcecode.swift; path = SecondViewController.swift; sourceTree = "<group>"; };
		28A2066E29BE15BC00F68358 /* TableViewCell.swift */ = {isa = PBXFileReference; lastKnownFileType = sourcecode.swift; path = TableViewCell.swift; sourceTree = "<group>"; };
		28A2066F29BE15BC00F68358 /* TableViewCell.xib */ = {isa = PBXFileReference; lastKnownFileType = file.xib; path = TableViewCell.xib; sourceTree = "<group>"; };
		28A2069429BF367F00F68358 /* User.swift */ = {isa = PBXFileReference; lastKnownFileType = sourcecode.swift; path = User.swift; sourceTree = "<group>"; };
		28A2069629C0328B00F68358 /* ThirthViewController.swift */ = {isa = PBXFileReference; lastKnownFileType = sourcecode.swift; path = ThirthViewController.swift; sourceTree = "<group>"; };
		4FA9FAA44F1190C9918C8965 /* Pods-DZ#8_3MES.debug.xcconfig */ = {isa = PBXFileReference; includeInIndex = 1; lastKnownFileType = text.xcconfig; name = "Pods-DZ#8_3MES.debug.xcconfig"; path = "Target Support Files/Pods-DZ#8_3MES/Pods-DZ#8_3MES.debug.xcconfig"; sourceTree = "<group>"; };
		A87B97B6429BAA5EF70AE733 /* Pods_DZ_8_3MES.framework */ = {isa = PBXFileReference; explicitFileType = wrapper.framework; includeInIndex = 0; path = Pods_DZ_8_3MES.framework; sourceTree = BUILT_PRODUCTS_DIR; };
		B4B379EB9594D33A2141BEA1 /* Pods-DZ#8_3MES.release.xcconfig */ = {isa = PBXFileReference; includeInIndex = 1; lastKnownFileType = text.xcconfig; name = "Pods-DZ#8_3MES.release.xcconfig"; path = "Target Support Files/Pods-DZ#8_3MES/Pods-DZ#8_3MES.release.xcconfig"; sourceTree = "<group>"; };
/* End PBXFileReference section */

/* Begin PBXFrameworksBuildPhase section */
		28A2064E29BDE0E600F68358 /* Frameworks */ = {
			isa = PBXFrameworksBuildPhase;
			buildActionMask = 2147483647;
			files = (
				84C33DE7F12DB84EA7A0E517 /* Pods_DZ_8_3MES.framework in Frameworks */,
			);
			runOnlyForDeploymentPostprocessing = 0;
		};
/* End PBXFrameworksBuildPhase section */

/* Begin PBXGroup section */
		0D8B008603A0D85546A7BCEC /* Frameworks */ = {
			isa = PBXGroup;
			children = (
				A87B97B6429BAA5EF70AE733 /* Pods_DZ_8_3MES.framework */,
			);
			name = Frameworks;
			sourceTree = "<group>";
		};
		1BE8B123E4497959E6EF78D9 /* Pods */ = {
			isa = PBXGroup;
			children = (
				4FA9FAA44F1190C9918C8965 /* Pods-DZ#8_3MES.debug.xcconfig */,
				B4B379EB9594D33A2141BEA1 /* Pods-DZ#8_3MES.release.xcconfig */,
			);
			path = Pods;
			sourceTree = "<group>";
		};
		28A2064829BDE0E600F68358 = {
			isa = PBXGroup;
			children = (
				28A2065329BDE0E600F68358 /* DZ#8_3MES */,
				28A2065229BDE0E600F68358 /* Products */,
				1BE8B123E4497959E6EF78D9 /* Pods */,
				0D8B008603A0D85546A7BCEC /* Frameworks */,
			);
			sourceTree = "<group>";
		};
		28A2065229BDE0E600F68358 /* Products */ = {
			isa = PBXGroup;
			children = (
				28A2065129BDE0E600F68358 /* DZ#8_3MES.app */,
			);
			name = Products;
			sourceTree = "<group>";
		};
		28A2065329BDE0E600F68358 /* DZ#8_3MES */ = {
			isa = PBXGroup;
			children = (
				28A2066929BDE14800F68358 /* Delegate */,
				28A2066829BDE13F00F68358 /* Common */,
				28A2065D29BDE0E700F68358 /* Assets.xcassets */,
				28A2065F29BDE0E700F68358 /* LaunchScreen.storyboard */,
				28A2066229BDE0E700F68358 /* Info.plist */,
			);
			path = "DZ#8_3MES";
			sourceTree = "<group>";
		};
		28A2066829BDE13F00F68358 /* Common */ = {
			isa = PBXGroup;
			children = (
				28A2066A29BDE16000F68358 /* StartViewController.swift */,
				28A2066C29BDE16D00F68358 /* SecondViewController.swift */,
				28A2066E29BE15BC00F68358 /* TableViewCell.swift */,
				28A2066F29BE15BC00F68358 /* TableViewCell.xib */,
				28A2069429BF367F00F68358 /* User.swift */,
				28A2069629C0328B00F68358 /* ThirthViewController.swift */,
			);
			path = Common;
			sourceTree = "<group>";
		};
		28A2066929BDE14800F68358 /* Delegate */ = {
			isa = PBXGroup;
			children = (
				28A2065429BDE0E600F68358 /* AppDelegate.swift */,
				28A2065629BDE0E600F68358 /* SceneDelegate.swift */,
			);
			path = Delegate;
			sourceTree = "<group>";
		};
/* End PBXGroup section */

/* Begin PBXNativeTarget section */
		28A2065029BDE0E600F68358 /* DZ#8_3MES */ = {
			isa = PBXNativeTarget;
			buildConfigurationList = 28A2066529BDE0E700F68358 /* Build configuration list for PBXNativeTarget "DZ#8_3MES" */;
			buildPhases = (
				EB97768DDB9145B709A60DD8 /* [CP] Check Pods Manifest.lock */,
				28A2064D29BDE0E600F68358 /* Sources */,
				28A2064E29BDE0E600F68358 /* Frameworks */,
				28A2064F29BDE0E600F68358 /* Resources */,
				422AE97889BEF265A1E62DD5 /* [CP] Embed Pods Frameworks */,
			);
			buildRules = (
			);
			dependencies = (
			);
			name = "DZ#8_3MES";
			productName = "DZ#8_3MES";
			productReference = 28A2065129BDE0E600F68358 /* DZ#8_3MES.app */;
			productType = "com.apple.product-type.application";
		};
/* End PBXNativeTarget section */

/* Begin PBXProject section */
		28A2064929BDE0E600F68358 /* Project object */ = {
			isa = PBXProject;
			attributes = {
				BuildIndependentTargetsInParallel = 1;
				LastSwiftUpdateCheck = 1420;
				LastUpgradeCheck = 1420;
				TargetAttributes = {
					28A2065029BDE0E600F68358 = {
						CreatedOnToolsVersion = 14.2;
					};
				};
			};
			buildConfigurationList = 28A2064C29BDE0E600F68358 /* Build configuration list for PBXProject "DZ#8_3MES" */;
			compatibilityVersion = "Xcode 14.0";
			developmentRegion = en;
			hasScannedForEncodings = 0;
			knownRegions = (
				en,
				Base,
			);
			mainGroup = 28A2064829BDE0E600F68358;
			productRefGroup = 28A2065229BDE0E600F68358 /* Products */;
			projectDirPath = "";
			projectRoot = "";
			targets = (
				28A2065029BDE0E600F68358 /* DZ#8_3MES */,
			);
		};
/* End PBXProject section */

/* Begin PBXResourcesBuildPhase section */
		28A2064F29BDE0E600F68358 /* Resources */ = {
			isa = PBXResourcesBuildPhase;
			buildActionMask = 2147483647;
			files = (
				28A2066129BDE0E700F68358 /* LaunchScreen.storyboard in Resources */,
				28A2067129BE15BC00F68358 /* TableViewCell.xib in Resources */,
				28A2065E29BDE0E700F68358 /* Assets.xcassets in Resources */,
			);
			runOnlyForDeploymentPostprocessing = 0;
		};
/* End PBXResourcesBuildPhase section */

/* Begin PBXShellScriptBuildPhase section */
		422AE97889BEF265A1E62DD5 /* [CP] Embed Pods Frameworks */ = {
			isa = PBXShellScriptBuildPhase;
			buildActionMask = 2147483647;
			files = (
			);
			inputFileListPaths = (
				"${PODS_ROOT}/Target Support Files/Pods-DZ#8_3MES/Pods-DZ#8_3MES-frameworks-${CONFIGURATION}-input-files.xcfilelist",
			);
			name = "[CP] Embed Pods Frameworks";
			outputFileListPaths = (
				"${PODS_ROOT}/Target Support Files/Pods-DZ#8_3MES/Pods-DZ#8_3MES-frameworks-${CONFIGURATION}-output-files.xcfilelist",
			);
			runOnlyForDeploymentPostprocessing = 0;
			shellPath = /bin/sh;
			shellScript = "\"${PODS_ROOT}/Target Support Files/Pods-DZ#8_3MES/Pods-DZ#8_3MES-frameworks.sh\"\n";
			showEnvVarsInLog = 0;
		};
		EB97768DDB9145B709A60DD8 /* [CP] Check Pods Manifest.lock */ = {
			isa = PBXShellScriptBuildPhase;
			buildActionMask = 2147483647;
			files = (
			);
			inputFileListPaths = (
			);
			inputPaths = (
				"${PODS_PODFILE_DIR_PATH}/Podfile.lock",
				"${PODS_ROOT}/Manifest.lock",
			);
			name = "[CP] Check Pods Manifest.lock";
			outputFileListPaths = (
			);
			outputPaths = (
				"$(DERIVED_FILE_DIR)/Pods-DZ#8_3MES-checkManifestLockResult.txt",
			);
			runOnlyForDeploymentPostprocessing = 0;
			shellPath = /bin/sh;
			shellScript = "diff \"${PODS_PODFILE_DIR_PATH}/Podfile.lock\" \"${PODS_ROOT}/Manifest.lock\" > /dev/null\nif [ $? != 0 ] ; then\n    # print error to STDERR\n    echo \"error: The sandbox is not in sync with the Podfile.lock. Run 'pod install' or update your CocoaPods installation.\" >&2\n    exit 1\nfi\n# This output is used by Xcode 'outputs' to avoid re-running this script phase.\necho \"SUCCESS\" > \"${SCRIPT_OUTPUT_FILE_0}\"\n";
			showEnvVarsInLog = 0;
		};
/* End PBXShellScriptBuildPhase section */

/* Begin PBXSourcesBuildPhase section */
		28A2064D29BDE0E600F68358 /* Sources */ = {
			isa = PBXSourcesBuildPhase;
			buildActionMask = 2147483647;
			files = (
				28A2067029BE15BC00F68358 /* TableViewCell.swift in Sources */,
				28A2066D29BDE16D00F68358 /* SecondViewController.swift in Sources */,
				28A2069529BF367F00F68358 /* User.swift in Sources */,
				28A2069729C0328B00F68358 /* ThirthViewController.swift in Sources */,
				28A2065529BDE0E600F68358 /* AppDelegate.swift in Sources */,
				28A2065729BDE0E600F68358 /* SceneDelegate.swift in Sources */,
				28A2066B29BDE16000F68358 /* StartViewController.swift in Sources */,
			);
			runOnlyForDeploymentPostprocessing = 0;
		};
/* End PBXSourcesBuildPhase section */

/* Begin PBXVariantGroup section */
		28A2065F29BDE0E700F68358 /* LaunchScreen.storyboard */ = {
			isa = PBXVariantGroup;
			children = (
				28A2066029BDE0E700F68358 /* Base */,
			);
			name = LaunchScreen.storyboard;
			sourceTree = "<group>";
		};
/* End PBXVariantGroup section */

/* Begin XCBuildConfiguration section */
		28A2066329BDE0E700F68358 /* Debug */ = {
			isa = XCBuildConfiguration;
			buildSettings = {
				ALWAYS_SEARCH_USER_PATHS = NO;
				CLANG_ANALYZER_NONNULL = YES;
				CLANG_ANALYZER_NUMBER_OBJECT_CONVERSION = YES_AGGRESSIVE;
				CLANG_CXX_LANGUAGE_STANDARD = "gnu++20";
				CLANG_ENABLE_MODULES = YES;
				CLANG_ENABLE_OBJC_ARC = YES;
				CLANG_ENABLE_OBJC_WEAK = YES;
				CLANG_WARN_BLOCK_CAPTURE_AUTORELEASING = YES;
				CLANG_WARN_BOOL_CONVERSION = YES;
				CLANG_WARN_COMMA = YES;
				CLANG_WARN_CONSTANT_CONVERSION = YES;
				CLANG_WARN_DEPRECATED_OBJC_IMPLEMENTATIONS = YES;
				CLANG_WARN_DIRECT_OBJC_ISA_USAGE = YES_ERROR;
				CLANG_WARN_DOCUMENTATION_COMMENTS = YES;
				CLANG_WARN_EMPTY_BODY = YES;
				CLANG_WARN_ENUM_CONVERSION = YES;
				CLANG_WARN_INFINITE_RECURSION = YES;
				CLANG_WARN_INT_CONVERSION = YES;
				CLANG_WARN_NON_LITERAL_NULL_CONVERSION = YES;
				CLANG_WARN_OBJC_IMPLICIT_RETAIN_SELF = YES;
				CLANG_WARN_OBJC_LITERAL_CONVERSION = YES;
				CLANG_WARN_OBJC_ROOT_CLASS = YES_ERROR;
				CLANG_WARN_QUOTED_INCLUDE_IN_FRAMEWORK_HEADER = YES;
				CLANG_WARN_RANGE_LOOP_ANALYSIS = YES;
				CLANG_WARN_STRICT_PROTOTYPES = YES;
				CLANG_WARN_SUSPICIOUS_MOVE = YES;
				CLANG_WARN_UNGUARDED_AVAILABILITY = YES_AGGRESSIVE;
				CLANG_WARN_UNREACHABLE_CODE = YES;
				CLANG_WARN__DUPLICATE_METHOD_MATCH = YES;
				COPY_PHASE_STRIP = NO;
				DEBUG_INFORMATION_FORMAT = dwarf;
				ENABLE_STRICT_OBJC_MSGSEND = YES;
				ENABLE_TESTABILITY = YES;
				GCC_C_LANGUAGE_STANDARD = gnu11;
				GCC_DYNAMIC_NO_PIC = NO;
				GCC_NO_COMMON_BLOCKS = YES;
				GCC_OPTIMIZATION_LEVEL = 0;
				GCC_PREPROCESSOR_DEFINITIONS = (
					"DEBUG=1",
					"$(inherited)",
				);
				GCC_WARN_64_TO_32_BIT_CONVERSION = YES;
				GCC_WARN_ABOUT_RETURN_TYPE = YES_ERROR;
				GCC_WARN_UNDECLARED_SELECTOR = YES;
				GCC_WARN_UNINITIALIZED_AUTOS = YES_AGGRESSIVE;
				GCC_WARN_UNUSED_FUNCTION = YES;
				GCC_WARN_UNUSED_VARIABLE = YES;
				IPHONEOS_DEPLOYMENT_TARGET = 16.2;
				MTL_ENABLE_DEBUG_INFO = INCLUDE_SOURCE;
				MTL_FAST_MATH = YES;
				ONLY_ACTIVE_ARCH = YES;
				SDKROOT = iphoneos;
				SWIFT_ACTIVE_COMPILATION_CONDITIONS = DEBUG;
				SWIFT_OPTIMIZATION_LEVEL = "-Onone";
			};
			name = Debug;
		};
		28A2066429BDE0E700F68358 /* Release */ = {
			isa = XCBuildConfiguration;
			buildSettings = {
				ALWAYS_SEARCH_USER_PATHS = NO;
				CLANG_ANALYZER_NONNULL = YES;
				CLANG_ANALYZER_NUMBER_OBJECT_CONVERSION = YES_AGGRESSIVE;
				CLANG_CXX_LANGUAGE_STANDARD = "gnu++20";
				CLANG_ENABLE_MODULES = YES;
				CLANG_ENABLE_OBJC_ARC = YES;
				CLANG_ENABLE_OBJC_WEAK = YES;
				CLANG_WARN_BLOCK_CAPTURE_AUTORELEASING = YES;
				CLANG_WARN_BOOL_CONVERSION = YES;
				CLANG_WARN_COMMA = YES;
				CLANG_WARN_CONSTANT_CONVERSION = YES;
				CLANG_WARN_DEPRECATED_OBJC_IMPLEMENTATIONS = YES;
				CLANG_WARN_DIRECT_OBJC_ISA_USAGE = YES_ERROR;
				CLANG_WARN_DOCUMENTATION_COMMENTS = YES;
				CLANG_WARN_EMPTY_BODY = YES;
				CLANG_WARN_ENUM_CONVERSION = YES;
				CLANG_WARN_INFINITE_RECURSION = YES;
				CLANG_WARN_INT_CONVERSION = YES;
				CLANG_WARN_NON_LITERAL_NULL_CONVERSION = YES;
				CLANG_WARN_OBJC_IMPLICIT_RETAIN_SELF = YES;
				CLANG_WARN_OBJC_LITERAL_CONVERSION = YES;
				CLANG_WARN_OBJC_ROOT_CLASS = YES_ERROR;
				CLANG_WARN_QUOTED_INCLUDE_IN_FRAMEWORK_HEADER = YES;
				CLANG_WARN_RANGE_LOOP_ANALYSIS = YES;
				CLANG_WARN_STRICT_PROTOTYPES = YES;
				CLANG_WARN_SUSPICIOUS_MOVE = YES;
				CLANG_WARN_UNGUARDED_AVAILABILITY = YES_AGGRESSIVE;
				CLANG_WARN_UNREACHABLE_CODE = YES;
				CLANG_WARN__DUPLICATE_METHOD_MATCH = YES;
				COPY_PHASE_STRIP = NO;
				DEBUG_INFORMATION_FORMAT = "dwarf-with-dsym";
				ENABLE_NS_ASSERTIONS = NO;
				ENABLE_STRICT_OBJC_MSGSEND = YES;
				GCC_C_LANGUAGE_STANDARD = gnu11;
				GCC_NO_COMMON_BLOCKS = YES;
				GCC_WARN_64_TO_32_BIT_CONVERSION = YES;
				GCC_WARN_ABOUT_RETURN_TYPE = YES_ERROR;
				GCC_WARN_UNDECLARED_SELECTOR = YES;
				GCC_WARN_UNINITIALIZED_AUTOS = YES_AGGRESSIVE;
				GCC_WARN_UNUSED_FUNCTION = YES;
				GCC_WARN_UNUSED_VARIABLE = YES;
				IPHONEOS_DEPLOYMENT_TARGET = 16.2;
				MTL_ENABLE_DEBUG_INFO = NO;
				MTL_FAST_MATH = YES;
				SDKROOT = iphoneos;
				SWIFT_COMPILATION_MODE = wholemodule;
				SWIFT_OPTIMIZATION_LEVEL = "-O";
				VALIDATE_PRODUCT = YES;
			};
			name = Release;
		};
		28A2066629BDE0E700F68358 /* Debug */ = {
			isa = XCBuildConfiguration;
			baseConfigurationReference = 4FA9FAA44F1190C9918C8965 /* Pods-DZ#8_3MES.debug.xcconfig */;
			buildSettings = {
				ASSETCATALOG_COMPILER_APPICON_NAME = AppIcon;
				ASSETCATALOG_COMPILER_GLOBAL_ACCENT_COLOR_NAME = AccentColor;
				CODE_SIGN_STYLE = Automatic;
				CURRENT_PROJECT_VERSION = 1;
				DEVELOPMENT_TEAM = 7TGA44R678;
				GENERATE_INFOPLIST_FILE = YES;
				INFOPLIST_FILE = "DZ#8_3MES/Info.plist";
				INFOPLIST_KEY_UIApplicationSupportsIndirectInputEvents = YES;
				INFOPLIST_KEY_UILaunchStoryboardName = LaunchScreen;
				INFOPLIST_KEY_UISupportedInterfaceOrientations_iPad = "UIInterfaceOrientationPortrait UIInterfaceOrientationPortraitUpsideDown UIInterfaceOrientationLandscapeLeft UIInterfaceOrientationLandscapeRight";
				INFOPLIST_KEY_UISupportedInterfaceOrientations_iPhone = "UIInterfaceOrientationPortrait UIInterfaceOrientationLandscapeLeft UIInterfaceOrientationLandscapeRight";
				LD_RUNPATH_SEARCH_PATHS = (
					"$(inherited)",
					"@executable_path/Frameworks",
				);
				MARKETING_VERSION = 1.0;
				PRODUCT_BUNDLE_IDENTIFIER = "SeitovN.DZ-8-3MES";
				PRODUCT_NAME = "$(TARGET_NAME)";
				SWIFT_EMIT_LOC_STRINGS = YES;
				SWIFT_VERSION = 5.0;
				TARGETED_DEVICE_FAMILY = "1,2";
			};
			name = Debug;
		};
		28A2066729BDE0E700F68358 /* Release */ = {
			isa = XCBuildConfiguration;
			baseConfigurationReference = B4B379EB9594D33A2141BEA1 /* Pods-DZ#8_3MES.release.xcconfig */;
			buildSettings = {
				ASSETCATALOG_COMPILER_APPICON_NAME = AppIcon;
				ASSETCATALOG_COMPILER_GLOBAL_ACCENT_COLOR_NAME = AccentColor;
				CODE_SIGN_STYLE = Automatic;
				CURRENT_PROJECT_VERSION = 1;
				DEVELOPMENT_TEAM = 7TGA44R678;
				GENERATE_INFOPLIST_FILE = YES;
				INFOPLIST_FILE = "DZ#8_3MES/Info.plist";
				INFOPLIST_KEY_UIApplicationSupportsIndirectInputEvents = YES;
				INFOPLIST_KEY_UILaunchStoryboardName = LaunchScreen;
				INFOPLIST_KEY_UISupportedInterfaceOrientations_iPad = "UIInterfaceOrientationPortrait UIInterfaceOrientationPortraitUpsideDown UIInterfaceOrientationLandscapeLeft UIInterfaceOrientationLandscapeRight";
				INFOPLIST_KEY_UISupportedInterfaceOrientations_iPhone = "UIInterfaceOrientationPortrait UIInterfaceOrientationLandscapeLeft UIInterfaceOrientationLandscapeRight";
				LD_RUNPATH_SEARCH_PATHS = (
					"$(inherited)",
					"@executable_path/Frameworks",
				);
				MARKETING_VERSION = 1.0;
				PRODUCT_BUNDLE_IDENTIFIER = "SeitovN.DZ-8-3MES";
				PRODUCT_NAME = "$(TARGET_NAME)";
				SWIFT_EMIT_LOC_STRINGS = YES;
				SWIFT_VERSION = 5.0;
				TARGETED_DEVICE_FAMILY = "1,2";
			};
			name = Release;
		};
/* End XCBuildConfiguration section */

/* Begin XCConfigurationList section */
		28A2064C29BDE0E600F68358 /* Build configuration list for PBXProject "DZ#8_3MES" */ = {
			isa = XCConfigurationList;
			buildConfigurations = (
				28A2066329BDE0E700F68358 /* Debug */,
				28A2066429BDE0E700F68358 /* Release */,
			);
			defaultConfigurationIsVisible = 0;
			defaultConfigurationName = Release;
		};
		28A2066529BDE0E700F68358 /* Build configuration list for PBXNativeTarget "DZ#8_3MES" */ = {
			isa = XCConfigurationList;
			buildConfigurations = (
				28A2066629BDE0E700F68358 /* Debug */,
				28A2066729BDE0E700F68358 /* Release */,
			);
			defaultConfigurationIsVisible = 0;
			defaultConfigurationName = Release;
		};
/* End XCConfigurationList section */
	};
	rootObject = 28A2064929BDE0E600F68358 /* Project object */;
}
